{
  "originHash" : "b81d3b18565a81878d14d96a2e28970f5f15fc48c271ded214c8c7ab237972ff",
  "pins" : [
    {
      "identity" : "githubnetworking",
      "kind" : "remoteSourceControl",
      "location" : "https://github.com/joseluissanchezporrogodoy/GitHubNetworking",
      "state" : {
        "revision" : "050fa79bcba247efb3654f1f5fea02af4876b23b",
        "version" : "1.0.1"
      }
    }
  ],
  "version" : 3
}
